// !$*UTF8*$!
{
	archiveVersion = 1;
	classes = {
	};
	objectVersion = 50;
	objects = {

/* Begin PBXBuildFile section */
		615CD31A2270483A0003EC3A /* AppDelegate.m in Sources */ = {isa = PBXBuildFile; fileRef = 615CD3192270483A0003EC3A /* AppDelegate.m */; };
		615CD31D2270483A0003EC3A /* ViewController.m in Sources */ = {isa = PBXBuildFile; fileRef = 615CD31C2270483A0003EC3A /* ViewController.m */; };
		615CD3202270483A0003EC3A /* Main.storyboard in Resources */ = {isa = PBXBuildFile; fileRef = 615CD31E2270483A0003EC3A /* Main.storyboard */; };
		615CD3222270483C0003EC3A /* Assets.xcassets in Resources */ = {isa = PBXBuildFile; fileRef = 615CD3212270483C0003EC3A /* Assets.xcassets */; };
		615CD3252270483C0003EC3A /* LaunchScreen.storyboard in Resources */ = {isa = PBXBuildFile; fileRef = 615CD3232270483C0003EC3A /* LaunchScreen.storyboard */; };
		615CD3282270483C0003EC3A /* main.m in Sources */ = {isa = PBXBuildFile; fileRef = 615CD3272270483C0003EC3A /* main.m */; };
		615CD330227048530003EC3A /* NavReplaceViewController.m in Sources */ = {isa = PBXBuildFile; fileRef = 615CD32F227048530003EC3A /* NavReplaceViewController.m */; };
		615CD3342270485D0003EC3A /* NavReplaceView.m in Sources */ = {isa = PBXBuildFile; fileRef = 615CD3322270485D0003EC3A /* NavReplaceView.m */; };
		615CD33B227055960003EC3A /* Untitled.gif in Resources */ = {isa = PBXBuildFile; fileRef = 615CD33A227055960003EC3A /* Untitled.gif */; };
/* End PBXBuildFile section */

/* Begin PBXFileReference section */
		615CD3152270483A0003EC3A /* NavReplaceViewDemo.app */ = {isa = PBXFileReference; explicitFileType = wrapper.application; includeInIndex = 0; path = NavReplaceViewDemo.app; sourceTree = BUILT_PRODUCTS_DIR; };
		615CD3182270483A0003EC3A /* AppDelegate.h */ = {isa = PBXFileReference; lastKnownFileType = sourcecode.c.h; path = AppDelegate.h; sourceTree = "<group>"; };
		615CD3192270483A0003EC3A /* AppDelegate.m */ = {isa = PBXFileReference; lastKnownFileType = sourcecode.c.objc; path = AppDelegate.m; sourceTree = "<group>"; };
		615CD31B2270483A0003EC3A /* ViewController.h */ = {isa = PBXFileReference; lastKnownFileType = sourcecode.c.h; path = ViewController.h; sourceTree = "<group>"; };
		615CD31C2270483A0003EC3A /* ViewController.m */ = {isa = PBXFileReference; lastKnownFileType = sourcecode.c.objc; path = ViewController.m; sourceTree = "<group>"; };
		615CD31F2270483A0003EC3A /* Base */ = {isa = PBXFileReference; lastKnownFileType = file.storyboard; name = Base; path = Base.lproj/Main.storyboard; sourceTree = "<group>"; };
		615CD3212270483C0003EC3A /* Assets.xcassets */ = {isa = PBXFileReference; lastKnownFileType = folder.assetcatalog; path = Assets.xcassets; sourceTree = "<group>"; };
		615CD3242270483C0003EC3A /* Base */ = {isa = PBXFileReference; lastKnownFileType = file.storyboard; name = Base; path = Base.lproj/LaunchScreen.storyboard; sourceTree = "<group>"; };
		615CD3262270483C0003EC3A /* Info.plist */ = {isa = PBXFileReference; lastKnownFileType = text.plist.xml; path = Info.plist; sourceTree = "<group>"; };
		615CD3272270483C0003EC3A /* main.m */ = {isa = PBXFileReference; lastKnownFileType = sourcecode.c.objc; path = main.m; sourceTree = "<group>"; };
		615CD32E227048530003EC3A /* NavReplaceViewController.h */ = {isa = PBXFileReference; fileEncoding = 4; lastKnownFileType = sourcecode.c.h; path = NavReplaceViewController.h; sourceTree = "<group>"; };
		615CD32F227048530003EC3A /* NavReplaceViewController.m */ = {isa = PBXFileReference; fileEncoding = 4; lastKnownFileType = sourcecode.c.objc; path = NavReplaceViewController.m; sourceTree = "<group>"; };
		615CD3322270485D0003EC3A /* NavReplaceView.m */ = {isa = PBXFileReference; fileEncoding = 4; lastKnownFileType = sourcecode.c.objc; path = NavReplaceView.m; sourceTree = "<group>"; };
		615CD3332270485D0003EC3A /* NavReplaceView.h */ = {isa = PBXFileReference; fileEncoding = 4; lastKnownFileType = sourcecode.c.h; path = NavReplaceView.h; sourceTree = "<group>"; };
		615CD33A227055960003EC3A /* Untitled.gif */ = {isa = PBXFileReference; lastKnownFileType = image.gif; path = Untitled.gif; sourceTree = "<group>"; };
/* End PBXFileReference section */

/* Begin PBXFrameworksBuildPhase section */
		615CD3122270483A0003EC3A /* Frameworks */ = {
			isa = PBXFrameworksBuildPhase;
			buildActionMask = 2147483647;
			files = (
			);
			runOnlyForDeploymentPostprocessing = 0;
		};
/* End PBXFrameworksBuildPhase section */

/* Begin PBXGroup section */
		615CD30C2270483A0003EC3A = {
			isa = PBXGroup;
			children = (
				615CD3172270483A0003EC3A /* NavReplaceViewDemo */,
				615CD3162270483A0003EC3A /* Products */,
			);
			sourceTree = "<group>";
		};
		615CD3162270483A0003EC3A /* Products */ = {
			isa = PBXGroup;
			children = (
				615CD3152270483A0003EC3A /* NavReplaceViewDemo.app */,
			);
			name = Products;
			sourceTree = "<group>";
		};
		615CD3172270483A0003EC3A /* NavReplaceViewDemo */ = {
			isa = PBXGroup;
			children = (
				615CD3312270485D0003EC3A /* NavReplaceView */,
				615CD32E227048530003EC3A /* NavReplaceViewController.h */,
				615CD32F227048530003EC3A /* NavReplaceViewController.m */,
				615CD3182270483A0003EC3A /* AppDelegate.h */,
				615CD3192270483A0003EC3A /* AppDelegate.m */,
				615CD31B2270483A0003EC3A /* ViewController.h */,
				615CD31C2270483A0003EC3A /* ViewController.m */,
				615CD31E2270483A0003EC3A /* Main.storyboard */,
				615CD3212270483C0003EC3A /* Assets.xcassets */,
				615CD3232270483C0003EC3A /* LaunchScreen.storyboard */,
				615CD3262270483C0003EC3A /* Info.plist */,
				615CD3272270483C0003EC3A /* main.m */,
				615CD33A227055960003EC3A /* Untitled.gif */,
			);
			path = NavReplaceViewDemo;
			sourceTree = "<group>";
		};
		615CD3312270485D0003EC3A /* NavReplaceView */ = {
			isa = PBXGroup;
			children = (
				615CD3322270485D0003EC3A /* NavReplaceView.m */,
				615CD3332270485D0003EC3A /* NavReplaceView.h */,
			);
			path = NavReplaceView;
			sourceTree = "<group>";
		};
/* End PBXGroup section */

/* Begin PBXNativeTarget section */
		615CD3142270483A0003EC3A /* NavReplaceViewDemo */ = {
			isa = PBXNativeTarget;
			buildConfigurationList = 615CD32B2270483C0003EC3A /* Build configuration list for PBXNativeTarget "NavReplaceViewDemo" */;
			buildPhases = (
				615CD3112270483A0003EC3A /* Sources */,
				615CD3122270483A0003EC3A /* Frameworks */,
				615CD3132270483A0003EC3A /* Resources */,
			);
			buildRules = (
			);
			dependencies = (
			);
			name = NavReplaceViewDemo;
			productName = NavReplaceViewDemo;
			productReference = 615CD3152270483A0003EC3A /* NavReplaceViewDemo.app */;
			productType = "com.apple.product-type.application";
		};
/* End PBXNativeTarget section */

/* Begin PBXProject section */
		615CD30D2270483A0003EC3A /* Project object */ = {
			isa = PBXProject;
			attributes = {
				LastUpgradeCheck = 1020;
				ORGANIZATIONNAME = yanyu;
				TargetAttributes = {
					615CD3142270483A0003EC3A = {
						CreatedOnToolsVersion = 10.2;
					};
				};
			};
			buildConfigurationList = 615CD3102270483A0003EC3A /* Build configuration list for PBXProject "NavReplaceViewDemo" */;
			compatibilityVersion = "Xcode 9.3";
			developmentRegion = en;
			hasScannedForEncodings = 0;
			knownRegions = (
				en,
				Base,
			);
			mainGroup = 615CD30C2270483A0003EC3A;
			productRefGroup = 615CD3162270483A0003EC3A /* Products */;
			projectDirPath = "";
			projectRoot = "";
			targets = (
				615CD3142270483A0003EC3A /* NavReplaceViewDemo */,
			);
		};
/* End PBXProject section */

/* Begin PBXResourcesBuildPhase section */
		615CD3132270483A0003EC3A /* Resources */ = {
			isa = PBXResourcesBuildPhase;
			buildActionMask = 2147483647;
			files = (
				615CD3252270483C0003EC3A /* LaunchScreen.storyboard in Resources */,
				615CD33B227055960003EC3A /* Untitled.gif in Resources */,
				615CD3222270483C0003EC3A /* Assets.xcassets in Resources */,
				615CD3202270483A0003EC3A /* Main.storyboard in Resources */,
			);
			runOnlyForDeploymentPostprocessing = 0;
		};
/* End PBXResourcesBuildPhase section */

/* Begin PBXSourcesBuildPhase section */
		615CD3112270483A0003EC3A /* Sources */ = {
			isa = PBXSourcesBuildPhase;
			buildActionMask = 2147483647;
			files = (
				615CD3342270485D0003EC3A /* NavReplaceView.m in Sources */,
				615CD31D2270483A0003EC3A /* ViewController.m in Sources */,
				615CD330227048530003EC3A /* NavReplaceViewController.m in Sources */,
				615CD3282270483C0003EC3A /* main.m in Sources */,
				615CD31A2270483A0003EC3A /* AppDelegate.m in Sources */,
			);
			runOnlyForDeploymentPostprocessing = 0;
		};
/* End PBXSourcesBuildPhase section */

/* Begin PBXVariantGroup section */
		615CD31E2270483A0003EC3A /* Main.storyboard */ = {
			isa = PBXVariantGroup;
			children = (
				615CD31F2270483A0003EC3A /* Base */,
			);
			name = Main.storyboard;
			sourceTree = "<group>";
		};
		615CD3232270483C0003EC3A /* LaunchScreen.storyboard */ = {
			isa = PBXVariantGroup;
			children = (
				615CD3242270483C0003EC3A /* Base */,
			);
			name = LaunchScreen.storyboard;
			sourceTree = "<group>";
		};
/* End PBXVariantGroup section */

/* Begin XCBuildConfiguration section */
		615CD3292270483C0003EC3A /* Debug */ = {
			isa = XCBuildConfiguration;
			buildSettings = {
				ALWAYS_SEARCH_USER_PATHS = NO;
				CLANG_ANALYZER_NONNULL = YES;
				CLANG_ANALYZER_NUMBER_OBJECT_CONVERSION = YES_AGGRESSIVE;
				CLANG_CXX_LANGUAGE_STANDARD = "gnu++14";
				CLANG_CXX_LIBRARY = "libc++";
				CLANG_ENABLE_MODULES = YES;
				CLANG_ENABLE_OBJC_ARC = YES;
				CLANG_ENABLE_OBJC_WEAK = YES;
				CLANG_WARN_BLOCK_CAPTURE_AUTORELEASING = YES;
				CLANG_WARN_BOOL_CONVERSION = YES;
				CLANG_WARN_COMMA = YES;
				CLANG_WARN_CONSTANT_CONVERSION = YES;
				CLANG_WARN_DEPRECATED_OBJC_IMPLEMENTATIONS = YES;
				CLANG_WARN_DIRECT_OBJC_ISA_USAGE = YES_ERROR;
				CLANG_WARN_DOCUMENTATION_COMMENTS = YES;
				CLANG_WARN_EMPTY_BODY = YES;
				CLANG_WARN_ENUM_CONVERSION = YES;
				CLANG_WARN_INFINITE_RECURSION = YES;
				CLANG_WARN_INT_CONVERSION = YES;
				CLANG_WARN_NON_LITERAL_NULL_CONVERSION = YES;
				CLANG_WARN_OBJC_IMPLICIT_RETAIN_SELF = YES;
				CLANG_WARN_OBJC_LITERAL_CONVERSION = YES;
				CLANG_WARN_OBJC_ROOT_CLASS = YES_ERROR;
				CLANG_WARN_RANGE_LOOP_ANALYSIS = YES;
				CLANG_WARN_STRICT_PROTOTYPES = YES;
				CLANG_WARN_SUSPICIOUS_MOVE = YES;
				CLANG_WARN_UNGUARDED_AVAILABILITY = YES_AGGRESSIVE;
				CLANG_WARN_UNREACHABLE_CODE = YES;
				CLANG_WARN__DUPLICATE_METHOD_MATCH = YES;
				CODE_SIGN_IDENTITY = "iPhone Developer";
				COPY_PHASE_STRIP = NO;
				DEBUG_INFORMATION_FORMAT = dwarf;
				ENABLE_STRICT_OBJC_MSGSEND = YES;
				ENABLE_TESTABILITY = YES;
				GCC_C_LANGUAGE_STANDARD = gnu11;
				GCC_DYNAMIC_NO_PIC = NO;
				GCC_NO_COMMON_BLOCKS = YES;
				GCC_OPTIMIZATION_LEVEL = 0;
				GCC_PREPROCESSOR_DEFINITIONS = (
					"DEBUG=1",
					"$(inherited)",
				);
				GCC_WARN_64_TO_32_BIT_CONVERSION = YES;
				GCC_WARN_ABOUT_RETURN_TYPE = YES_ERROR;
				GCC_WARN_UNDECLARED_SELECTOR = YES;
				GCC_WARN_UNINITIALIZED_AUTOS = YES_AGGRESSIVE;
				GCC_WARN_UNUSED_FUNCTION = YES;
				GCC_WARN_UNUSED_VARIABLE = YES;
				IPHONEOS_DEPLOYMENT_TARGET = 12.2;
				MTL_ENABLE_DEBUG_INFO = INCLUDE_SOURCE;
				MTL_FAST_MATH = YES;
				ONLY_ACTIVE_ARCH = YES;
				SDKROOT = iphoneos;
			};
			name = Debug;
		};
		615CD32A2270483C0003EC3A /* Release */ = {
			isa = XCBuildConfiguration;
			buildSettings = {
				ALWAYS_SEARCH_USER_PATHS = NO;
				CLANG_ANALYZER_NONNULL = YES;
				CLANG_ANALYZER_NUMBER_OBJECT_CONVERSION = YES_AGGRESSIVE;
				CLANG_CXX_LANGUAGE_STANDARD = "gnu++14";
				CLANG_CXX_LIBRARY = "libc++";
				CLANG_ENABLE_MODULES = YES;
				CLANG_ENABLE_OBJC_ARC = YES;
				CLANG_ENABLE_OBJC_WEAK = YES;
				CLANG_WARN_BLOCK_CAPTURE_AUTORELEASING = YES;
				CLANG_WARN_BOOL_CONVERSION = YES;
				CLANG_WARN_COMMA = YES;
				CLANG_WARN_CONSTANT_CONVERSION = YES;
				CLANG_WARN_DEPRECATED_OBJC_IMPLEMENTATIONS = YES;
				CLANG_WARN_DIRECT_OBJC_ISA_USAGE = YES_ERROR;
				CLANG_WARN_DOCUMENTATION_COMMENTS = YES;
				CLANG_WARN_EMPTY_BODY = YES;
				CLANG_WARN_ENUM_CONVERSION = YES;
				CLANG_WARN_INFINITE_RECURSION = YES;
				CLANG_WARN_INT_CONVERSION = YES;
				CLANG_WARN_NON_LITERAL_NULL_CONVERSION = YES;
				CLANG_WARN_OBJC_IMPLICIT_RETAIN_SELF = YES;
				CLANG_WARN_OBJC_LITERAL_CONVERSION = YES;
				CLANG_WARN_OBJC_ROOT_CLASS = YES_ERROR;
				CLANG_WARN_RANGE_LOOP_ANALYSIS = YES;
				CLANG_WARN_STRICT_PROTOTYPES = YES;
				CLANG_WARN_SUSPICIOUS_MOVE = YES;
				CLANG_WARN_UNGUARDED_AVAILABILITY = YES_AGGRESSIVE;
				CLANG_WARN_UNREACHABLE_CODE = YES;
				CLANG_WARN__DUPLICATE_METHOD_MATCH = YES;
				CODE_SIGN_IDENTITY = "iPhone Developer";
				COPY_PHASE_STRIP = NO;
				DEBUG_INFORMATION_FORMAT = "dwarf-with-dsym";
				ENABLE_NS_ASSERTIONS = NO;
				ENABLE_STRICT_OBJC_MSGSEND = YES;
				GCC_C_LANGUAGE_STANDARD = gnu11;
				GCC_NO_COMMON_BLOCKS = YES;
				GCC_WARN_64_TO_32_BIT_CONVERSION = YES;
				GCC_WARN_ABOUT_RETURN_TYPE = YES_ERROR;
				GCC_WARN_UNDECLARED_SELECTOR = YES;
				GCC_WARN_UNINITIALIZED_AUTOS = YES_AGGRESSIVE;
				GCC_WARN_UNUSED_FUNCTION = YES;
				GCC_WARN_UNUSED_VARIABLE = YES;
				IPHONEOS_DEPLOYMENT_TARGET = 12.2;
				MTL_ENABLE_DEBUG_INFO = NO;
				MTL_FAST_MATH = YES;
				SDKROOT = iphoneos;
				VALIDATE_PRODUCT = YES;
			};
			name = Release;
		};
		615CD32C2270483C0003EC3A /* Debug */ = {
			isa = XCBuildConfiguration;
			buildSettings = {
				ASSETCATALOG_COMPILER_APPICON_NAME = AppIcon;
				CODE_SIGN_STYLE = Automatic;
				INFOPLIST_FILE = NavReplaceViewDemo/Info.plist;
				LD_RUNPATH_SEARCH_PATHS = (
					"$(inherited)",
					"@executable_path/Frameworks",
				);
				PRODUCT_BUNDLE_IDENTIFIER = com.sean.NavReplaceViewDemo;
				PRODUCT_NAME = "$(TARGET_NAME)";
				TARGETED_DEVICE_FAMILY = "1,2";
			};
			name = Debug;
		};
		615CD32D2270483C0003EC3A /* Release */ = {
			isa = XCBuildConfiguration;
			buildSettings = {
				ASSETCATALOG_COMPILER_APPICON_NAME = AppIcon;
				CODE_SIGN_STYLE = Automatic;
				INFOPLIST_FILE = NavReplaceViewDemo/Info.plist;
				LD_RUNPATH_SEARCH_PATHS = (
					"$(inherited)",
					"@executable_path/Frameworks",
				);
				PRODUCT_BUNDLE_IDENTIFIER = com.sean.NavReplaceViewDemo;
				PRODUCT_NAME = "$(TARGET_NAME)";
				TARGETED_DEVICE_FAMILY = "1,2";
			};
			name = Release;
		};
/* End XCBuildConfiguration section */

/* Begin XCConfigurationList section */
		615CD3102270483A0003EC3A /* Build configuration list for PBXProject "NavReplaceViewDemo" */ = {
			isa = XCConfigurationList;
			buildConfigurations = (
				615CD3292270483C0003EC3A /* Debug */,
				615CD32A2270483C0003EC3A /* Release */,
			);
			defaultConfigurationIsVisible = 0;
			defaultConfigurationName = Release;
		};
		615CD32B2270483C0003EC3A /* Build configuration list for PBXNativeTarget "NavReplaceViewDemo" */ = {
			isa = XCConfigurationList;
			buildConfigurations = (
				615CD32C2270483C0003EC3A /* Debug */,
				615CD32D2270483C0003EC3A /* Release */,
			);
			defaultConfigurationIsVisible = 0;
			defaultConfigurationName = Release;
		};
/* End XCConfigurationList section */
	};
	rootObject = 615CD30D2270483A0003EC3A /* Project object */;
}
